
Microsoft Visual Studio Solution File, Format Version 12.00
# Visual Studio Version 17
VisualStudioVersion = 17.6.33712.159
MinimumVisualStudioVersion = 10.0.40219.1
Project("{9A19103F-16F7-4668-BE54-9A1E7A4F7556}") = "MyStore", "MyStore.csproj", "{C0CAF2D0-A1C5-4AB9-8B8A-D906C2026E89}"
EndProject
Global
	GlobalSection(SolutionConfigurationPlatforms) = preSolution
		Debug|Any CPU = Debug|Any CPU
		Release|Any CPU = Release|Any CPU
	EndGlobalSection
	GlobalSection(ProjectConfigurationPlatforms) = postSolution
		{C0CAF2D0-A1C5-4AB9-8B8A-D906C2026E89}.Debug|Any CPU.ActiveCfg = Debug|Any CPU
		{C0CAF2D0-A1C5-4AB9-8B8A-D906C2026E89}.Debug|Any CPU.Build.0 = Debug|Any CPU
		{C0CAF2D0-A1C5-4AB9-8B8A-D906C2026E89}.Release|Any CPU.ActiveCfg = Release|Any CPU
		{C0CAF2D0-A1C5-4AB9-8B8A-D906C2026E89}.Release|Any CPU.Build.0 = Release|Any CPU
	EndGlobalSection
	GlobalSection(SolutionProperties) = preSolution
		HideSolutionNode = FALSE
	EndGlobalSection
	GlobalSection(ExtensibilityGlobals) = postSolution
		SolutionGuid = {016B67EC-BAB8-453D-A320-8FD5C47A8772}
	EndGlobalSection
EndGlobal
